// !$*UTF8*$!
{
	archiveVersion = 1;
	classes = {
	};
	objectVersion = 50;
	objects = {

/* Begin PBXBuildFile section */
		6AD151C32403B47400687EE8 /* AppDelegate.swift in Sources */ = {isa = PBXBuildFile; fileRef = 6AD151C22403B47400687EE8 /* AppDelegate.swift */; };
		6AD151C52403B47400687EE8 /* SceneDelegate.swift in Sources */ = {isa = PBXBuildFile; fileRef = 6AD151C42403B47400687EE8 /* SceneDelegate.swift */; };
		6AD151C72403B47400687EE8 /* ContentView.swift in Sources */ = {isa = PBXBuildFile; fileRef = 6AD151C62403B47400687EE8 /* ContentView.swift */; };
		6AD151C92403B47A00687EE8 /* Assets.xcassets in Resources */ = {isa = PBXBuildFile; fileRef = 6AD151C82403B47A00687EE8 /* Assets.xcassets */; };
		6AD151CC2403B47A00687EE8 /* Preview Assets.xcassets in Resources */ = {isa = PBXBuildFile; fileRef = 6AD151CB2403B47A00687EE8 /* Preview Assets.xcassets */; };
		6AD151CF2403B47A00687EE8 /* LaunchScreen.storyboard in Resources */ = {isa = PBXBuildFile; fileRef = 6AD151CD2403B47A00687EE8 /* LaunchScreen.storyboard */; };
		6AD151DA2403B47A00687EE8 /* MODUNATests.swift in Sources */ = {isa = PBXBuildFile; fileRef = 6AD151D92403B47A00687EE8 /* MODUNATests.swift */; };
		6AD151E52403B47A00687EE8 /* MODUNAUITests.swift in Sources */ = {isa = PBXBuildFile; fileRef = 6AD151E42403B47A00687EE8 /* MODUNAUITests.swift */; };
		6AD152112403CCBF00687EE8 /* MODUNA in Resources */ = {isa = PBXBuildFile; fileRef = 6AD152102403CCBF00687EE8 /* MODUNA */; };
		6AD152122403CCBF00687EE8 /* MODUNA in Resources */ = {isa = PBXBuildFile; fileRef = 6AD152102403CCBF00687EE8 /* MODUNA */; };
		6AD152132403CCBF00687EE8 /* MODUNA in Resources */ = {isa = PBXBuildFile; fileRef = 6AD152102403CCBF00687EE8 /* MODUNA */; };
/* End PBXBuildFile section */

/* Begin PBXContainerItemProxy section */
		6AD151D62403B47A00687EE8 /* PBXContainerItemProxy */ = {
			isa = PBXContainerItemProxy;
			containerPortal = 6AD151B72403B47400687EE8 /* Project object */;
			proxyType = 1;
			remoteGlobalIDString = 6AD151BE2403B47400687EE8;
			remoteInfo = MODUNA;
		};
		6AD151E12403B47A00687EE8 /* PBXContainerItemProxy */ = {
			isa = PBXContainerItemProxy;
			containerPortal = 6AD151B72403B47400687EE8 /* Project object */;
			proxyType = 1;
			remoteGlobalIDString = 6AD151BE2403B47400687EE8;
			remoteInfo = MODUNA;
		};
/* End PBXContainerItemProxy section */

/* Begin PBXFileReference section */
		6AD151BF2403B47400687EE8 /* MODUNA.app */ = {isa = PBXFileReference; explicitFileType = wrapper.application; includeInIndex = 0; path = MODUNA.app; sourceTree = BUILT_PRODUCTS_DIR; };
		6AD151C22403B47400687EE8 /* AppDelegate.swift */ = {isa = PBXFileReference; lastKnownFileType = sourcecode.swift; path = AppDelegate.swift; sourceTree = "<group>"; };
		6AD151C42403B47400687EE8 /* SceneDelegate.swift */ = {isa = PBXFileReference; lastKnownFileType = sourcecode.swift; path = SceneDelegate.swift; sourceTree = "<group>"; };
		6AD151C62403B47400687EE8 /* ContentView.swift */ = {isa = PBXFileReference; lastKnownFileType = sourcecode.swift; path = ContentView.swift; sourceTree = "<group>"; };
		6AD151C82403B47A00687EE8 /* Assets.xcassets */ = {isa = PBXFileReference; lastKnownFileType = folder.assetcatalog; path = Assets.xcassets; sourceTree = "<group>"; };
		6AD151CB2403B47A00687EE8 /* Preview Assets.xcassets */ = {isa = PBXFileReference; lastKnownFileType = folder.assetcatalog; path = "Preview Assets.xcassets"; sourceTree = "<group>"; };
		6AD151CE2403B47A00687EE8 /* Base */ = {isa = PBXFileReference; lastKnownFileType = file.storyboard; name = Base; path = Base.lproj/LaunchScreen.storyboard; sourceTree = "<group>"; };
		6AD151D02403B47A00687EE8 /* Info.plist */ = {isa = PBXFileReference; lastKnownFileType = text.plist.xml; path = Info.plist; sourceTree = "<group>"; };
		6AD151D52403B47A00687EE8 /* MODUNATests.xctest */ = {isa = PBXFileReference; explicitFileType = wrapper.cfbundle; includeInIndex = 0; path = MODUNATests.xctest; sourceTree = BUILT_PRODUCTS_DIR; };
		6AD151D92403B47A00687EE8 /* MODUNATests.swift */ = {isa = PBXFileReference; lastKnownFileType = sourcecode.swift; path = MODUNATests.swift; sourceTree = "<group>"; };
		6AD151DB2403B47A00687EE8 /* Info.plist */ = {isa = PBXFileReference; lastKnownFileType = text.plist.xml; path = Info.plist; sourceTree = "<group>"; };
		6AD151E02403B47A00687EE8 /* MODUNAUITests.xctest */ = {isa = PBXFileReference; explicitFileType = wrapper.cfbundle; includeInIndex = 0; path = MODUNAUITests.xctest; sourceTree = BUILT_PRODUCTS_DIR; };
		6AD151E42403B47A00687EE8 /* MODUNAUITests.swift */ = {isa = PBXFileReference; lastKnownFileType = sourcecode.swift; path = MODUNAUITests.swift; sourceTree = "<group>"; };
		6AD151E62403B47A00687EE8 /* Info.plist */ = {isa = PBXFileReference; lastKnownFileType = text.plist.xml; path = Info.plist; sourceTree = "<group>"; };
		6AD152102403CCBF00687EE8 /* MODUNA */ = {isa = PBXFileReference; lastKnownFileType = folder; name = MODUNA; sourceTree = "<group>"; };
/* End PBXFileReference section */

/* Begin PBXFrameworksBuildPhase section */
		6AD151BC2403B47400687EE8 /* Frameworks */ = {
			isa = PBXFrameworksBuildPhase;
			buildActionMask = 2147483647;
			files = (
			);
			runOnlyForDeploymentPostprocessing = 0;
		};
		6AD151D22403B47A00687EE8 /* Frameworks */ = {
			isa = PBXFrameworksBuildPhase;
			buildActionMask = 2147483647;
			files = (
			);
			runOnlyForDeploymentPostprocessing = 0;
		};
		6AD151DD2403B47A00687EE8 /* Frameworks */ = {
			isa = PBXFrameworksBuildPhase;
			buildActionMask = 2147483647;
			files = (
			);
			runOnlyForDeploymentPostprocessing = 0;
		};
/* End PBXFrameworksBuildPhase section */

/* Begin PBXGroup section */
		6AD151B62403B47400687EE8 = {
			isa = PBXGroup;
			children = (
				6AD151C12403B47400687EE8 /* MODUNA */,
				6AD152102403CCBF00687EE8 /* MODUNA */,
				6AD151D82403B47A00687EE8 /* MODUNATests */,
				6AD151E32403B47A00687EE8 /* MODUNAUITests */,
				6AD151C02403B47400687EE8 /* Products */,
			);
			sourceTree = "<group>";
		};
		6AD151C02403B47400687EE8 /* Products */ = {
			isa = PBXGroup;
			children = (
				6AD151BF2403B47400687EE8 /* MODUNA.app */,
				6AD151D52403B47A00687EE8 /* MODUNATests.xctest */,
				6AD151E02403B47A00687EE8 /* MODUNAUITests.xctest */,
			);
			name = Products;
			sourceTree = "<group>";
		};
		6AD151C12403B47400687EE8 /* MODUNA */ = {
			isa = PBXGroup;
			children = (
				6AD151C22403B47400687EE8 /* AppDelegate.swift */,
				6AD151C42403B47400687EE8 /* SceneDelegate.swift */,
				6AD151C62403B47400687EE8 /* ContentView.swift */,
				6AD151C82403B47A00687EE8 /* Assets.xcassets */,
				6AD151CD2403B47A00687EE8 /* LaunchScreen.storyboard */,
				6AD151D02403B47A00687EE8 /* Info.plist */,
				6AD151CA2403B47A00687EE8 /* Preview Content */,
			);
			path = MODUNA;
			sourceTree = "<group>";
		};
		6AD151CA2403B47A00687EE8 /* Preview Content */ = {
			isa = PBXGroup;
			children = (
				6AD151CB2403B47A00687EE8 /* Preview Assets.xcassets */,
			);
			path = "Preview Content";
			sourceTree = "<group>";
		};
		6AD151D82403B47A00687EE8 /* MODUNATests */ = {
			isa = PBXGroup;
			children = (
				6AD151D92403B47A00687EE8 /* MODUNATests.swift */,
				6AD151DB2403B47A00687EE8 /* Info.plist */,
			);
			path = MODUNATests;
			sourceTree = "<group>";
		};
		6AD151E32403B47A00687EE8 /* MODUNAUITests */ = {
			isa = PBXGroup;
			children = (
				6AD151E42403B47A00687EE8 /* MODUNAUITests.swift */,
				6AD151E62403B47A00687EE8 /* Info.plist */,
			);
			path = MODUNAUITests;
			sourceTree = "<group>";
		};
/* End PBXGroup section */

/* Begin PBXNativeTarget section */
		6AD151BE2403B47400687EE8 /* MODUNA */ = {
			isa = PBXNativeTarget;
			buildConfigurationList = 6AD151E92403B47A00687EE8 /* Build configuration list for PBXNativeTarget "MODUNA" */;
			buildPhases = (
				6AD151BB2403B47400687EE8 /* Sources */,
				6AD151BC2403B47400687EE8 /* Frameworks */,
				6AD151BD2403B47400687EE8 /* Resources */,
			);
			buildRules = (
			);
			dependencies = (
			);
			name = MODUNA;
			productName = MODUNA;
			productReference = 6AD151BF2403B47400687EE8 /* MODUNA.app */;
			productType = "com.apple.product-type.application";
		};
		6AD151D42403B47A00687EE8 /* MODUNATests */ = {
			isa = PBXNativeTarget;
			buildConfigurationList = 6AD151EC2403B47A00687EE8 /* Build configuration list for PBXNativeTarget "MODUNATests" */;
			buildPhases = (
				6AD151D12403B47A00687EE8 /* Sources */,
				6AD151D22403B47A00687EE8 /* Frameworks */,
				6AD151D32403B47A00687EE8 /* Resources */,
			);
			buildRules = (
			);
			dependencies = (
				6AD151D72403B47A00687EE8 /* PBXTargetDependency */,
			);
			name = MODUNATests;
			productName = MODUNATests;
			productReference = 6AD151D52403B47A00687EE8 /* MODUNATests.xctest */;
			productType = "com.apple.product-type.bundle.unit-test";
		};
		6AD151DF2403B47A00687EE8 /* MODUNAUITests */ = {
			isa = PBXNativeTarget;
			buildConfigurationList = 6AD151EF2403B47A00687EE8 /* Build configuration list for PBXNativeTarget "MODUNAUITests" */;
			buildPhases = (
				6AD151DC2403B47A00687EE8 /* Sources */,
				6AD151DD2403B47A00687EE8 /* Frameworks */,
				6AD151DE2403B47A00687EE8 /* Resources */,
			);
			buildRules = (
			);
			dependencies = (
				6AD151E22403B47A00687EE8 /* PBXTargetDependency */,
			);
			name = MODUNAUITests;
			productName = MODUNAUITests;
			productReference = 6AD151E02403B47A00687EE8 /* MODUNAUITests.xctest */;
			productType = "com.apple.product-type.bundle.ui-testing";
		};
/* End PBXNativeTarget section */

/* Begin PBXProject section */
		6AD151B72403B47400687EE8 /* Project object */ = {
			isa = PBXProject;
			attributes = {
				LastSwiftUpdateCheck = 1130;
				LastUpgradeCheck = 1130;
				ORGANIZATIONNAME = "Sam Morgan";
				TargetAttributes = {
					6AD151BE2403B47400687EE8 = {
						CreatedOnToolsVersion = 11.3.1;
					};
					6AD151D42403B47A00687EE8 = {
						CreatedOnToolsVersion = 11.3.1;
						TestTargetID = 6AD151BE2403B47400687EE8;
					};
					6AD151DF2403B47A00687EE8 = {
						CreatedOnToolsVersion = 11.3.1;
						TestTargetID = 6AD151BE2403B47400687EE8;
					};
				};
			};
			buildConfigurationList = 6AD151BA2403B47400687EE8 /* Build configuration list for PBXProject "MODUNA" */;
			compatibilityVersion = "Xcode 9.3";
			developmentRegion = en;
			hasScannedForEncodings = 0;
			knownRegions = (
				en,
				Base,
			);
			mainGroup = 6AD151B62403B47400687EE8;
			productRefGroup = 6AD151C02403B47400687EE8 /* Products */;
			projectDirPath = "";
			projectRoot = "";
			targets = (
				6AD151BE2403B47400687EE8 /* MODUNA */,
				6AD151D42403B47A00687EE8 /* MODUNATests */,
				6AD151DF2403B47A00687EE8 /* MODUNAUITests */,
			);
		};
/* End PBXProject section */

/* Begin PBXResourcesBuildPhase section */
		6AD151BD2403B47400687EE8 /* Resources */ = {
			isa = PBXResourcesBuildPhase;
			buildActionMask = 2147483647;
			files = (
				6AD151CF2403B47A00687EE8 /* LaunchScreen.storyboard in Resources */,
				6AD151CC2403B47A00687EE8 /* Preview Assets.xcassets in Resources */,
				6AD152112403CCBF00687EE8 /* MODUNA in Resources */,
				6AD151C92403B47A00687EE8 /* Assets.xcassets in Resources */,
			);
			runOnlyForDeploymentPostprocessing = 0;
		};
		6AD151D32403B47A00687EE8 /* Resources */ = {
			isa = PBXResourcesBuildPhase;
			buildActionMask = 2147483647;
			files = (
				6AD152122403CCBF00687EE8 /* MODUNA in Resources */,
			);
			runOnlyForDeploymentPostprocessing = 0;
		};
		6AD151DE2403B47A00687EE8 /* Resources */ = {
			isa = PBXResourcesBuildPhase;
			buildActionMask = 2147483647;
			files = (
				6AD152132403CCBF00687EE8 /* MODUNA in Resources */,
			);
			runOnlyForDeploymentPostprocessing = 0;
		};
/* End PBXResourcesBuildPhase section */

/* Begin PBXSourcesBuildPhase section */
		6AD151BB2403B47400687EE8 /* Sources */ = {
			isa = PBXSourcesBuildPhase;
			buildActionMask = 2147483647;
			files = (
				6AD151C32403B47400687EE8 /* AppDelegate.swift in Sources */,
				6AD151C52403B47400687EE8 /* SceneDelegate.swift in Sources */,
				6AD151C72403B47400687EE8 /* ContentView.swift in Sources */,
			);
			runOnlyForDeploymentPostprocessing = 0;
		};
		6AD151D12403B47A00687EE8 /* Sources */ = {
			isa = PBXSourcesBuildPhase;
			buildActionMask = 2147483647;
			files = (
				6AD151DA2403B47A00687EE8 /* MODUNATests.swift in Sources */,
			);
			runOnlyForDeploymentPostprocessing = 0;
		};
		6AD151DC2403B47A00687EE8 /* Sources */ = {
			isa = PBXSourcesBuildPhase;
			buildActionMask = 2147483647;
			files = (
				6AD151E52403B47A00687EE8 /* MODUNAUITests.swift in Sources */,
			);
			runOnlyForDeploymentPostprocessing = 0;
		};
/* End PBXSourcesBuildPhase section */

/* Begin PBXTargetDependency section */
		6AD151D72403B47A00687EE8 /* PBXTargetDependency */ = {
			isa = PBXTargetDependency;
			target = 6AD151BE2403B47400687EE8 /* MODUNA */;
			targetProxy = 6AD151D62403B47A00687EE8 /* PBXContainerItemProxy */;
		};
		6AD151E22403B47A00687EE8 /* PBXTargetDependency */ = {
			isa = PBXTargetDependency;
			target = 6AD151BE2403B47400687EE8 /* MODUNA */;
			targetProxy = 6AD151E12403B47A00687EE8 /* PBXContainerItemProxy */;
		};
/* End PBXTargetDependency section */

/* Begin PBXVariantGroup section */
		6AD151CD2403B47A00687EE8 /* LaunchScreen.storyboard */ = {
			isa = PBXVariantGroup;
			children = (
				6AD151CE2403B47A00687EE8 /* Base */,
			);
			name = LaunchScreen.storyboard;
			sourceTree = "<group>";
		};
/* End PBXVariantGroup section */

/* Begin XCBuildConfiguration section */
		6AD151E72403B47A00687EE8 /* Debug */ = {
			isa = XCBuildConfiguration;
			buildSettings = {
				ALWAYS_SEARCH_USER_PATHS = NO;
				CLANG_ANALYZER_NONNULL = YES;
				CLANG_ANALYZER_NUMBER_OBJECT_CONVERSION = YES_AGGRESSIVE;
				CLANG_CXX_LANGUAGE_STANDARD = "gnu++14";
				CLANG_CXX_LIBRARY = "libc++";
				CLANG_ENABLE_MODULES = YES;
				CLANG_ENABLE_OBJC_ARC = YES;
				CLANG_ENABLE_OBJC_WEAK = YES;
				CLANG_WARN_BLOCK_CAPTURE_AUTORELEASING = YES;
				CLANG_WARN_BOOL_CONVERSION = YES;
				CLANG_WARN_COMMA = YES;
				CLANG_WARN_CONSTANT_CONVERSION = YES;
				CLANG_WARN_DEPRECATED_OBJC_IMPLEMENTATIONS = YES;
				CLANG_WARN_DIRECT_OBJC_ISA_USAGE = YES_ERROR;
				CLANG_WARN_DOCUMENTATION_COMMENTS = YES;
				CLANG_WARN_EMPTY_BODY = YES;
				CLANG_WARN_ENUM_CONVERSION = YES;
				CLANG_WARN_INFINITE_RECURSION = YES;
				CLANG_WARN_INT_CONVERSION = YES;
				CLANG_WARN_NON_LITERAL_NULL_CONVERSION = YES;
				CLANG_WARN_OBJC_IMPLICIT_RETAIN_SELF = YES;
				CLANG_WARN_OBJC_LITERAL_CONVERSION = YES;
				CLANG_WARN_OBJC_ROOT_CLASS = YES_ERROR;
				CLANG_WARN_RANGE_LOOP_ANALYSIS = YES;
				CLANG_WARN_STRICT_PROTOTYPES = YES;
				CLANG_WARN_SUSPICIOUS_MOVE = YES;
				CLANG_WARN_UNGUARDED_AVAILABILITY = YES_AGGRESSIVE;
				CLANG_WARN_UNREACHABLE_CODE = YES;
				CLANG_WARN__DUPLICATE_METHOD_MATCH = YES;
				COPY_PHASE_STRIP = NO;
				DEBUG_INFORMATION_FORMAT = dwarf;
				ENABLE_STRICT_OBJC_MSGSEND = YES;
				ENABLE_TESTABILITY = YES;
				GCC_C_LANGUAGE_STANDARD = gnu11;
				GCC_DYNAMIC_NO_PIC = NO;
				GCC_NO_COMMON_BLOCKS = YES;
				GCC_OPTIMIZATION_LEVEL = 0;
				GCC_PREPROCESSOR_DEFINITIONS = (
					"DEBUG=1",
					"$(inherited)",
				);
				GCC_WARN_64_TO_32_BIT_CONVERSION = YES;
				GCC_WARN_ABOUT_RETURN_TYPE = YES_ERROR;
				GCC_WARN_UNDECLARED_SELECTOR = YES;
				GCC_WARN_UNINITIALIZED_AUTOS = YES_AGGRESSIVE;
				GCC_WARN_UNUSED_FUNCTION = YES;
				GCC_WARN_UNUSED_VARIABLE = YES;
				IPHONEOS_DEPLOYMENT_TARGET = 13.2;
				MTL_ENABLE_DEBUG_INFO = INCLUDE_SOURCE;
				MTL_FAST_MATH = YES;
				ONLY_ACTIVE_ARCH = YES;
				SDKROOT = iphoneos;
				SWIFT_ACTIVE_COMPILATION_CONDITIONS = DEBUG;
				SWIFT_OPTIMIZATION_LEVEL = "-Onone";
			};
			name = Debug;
		};
		6AD151E82403B47A00687EE8 /* Release */ = {
			isa = XCBuildConfiguration;
			buildSettings = {
				ALWAYS_SEARCH_USER_PATHS = NO;
				CLANG_ANALYZER_NONNULL = YES;
				CLANG_ANALYZER_NUMBER_OBJECT_CONVERSION = YES_AGGRESSIVE;
				CLANG_CXX_LANGUAGE_STANDARD = "gnu++14";
				CLANG_CXX_LIBRARY = "libc++";
				CLANG_ENABLE_MODULES = YES;
				CLANG_ENABLE_OBJC_ARC = YES;
				CLANG_ENABLE_OBJC_WEAK = YES;
				CLANG_WARN_BLOCK_CAPTURE_AUTORELEASING = YES;
				CLANG_WARN_BOOL_CONVERSION = YES;
				CLANG_WARN_COMMA = YES;
				CLANG_WARN_CONSTANT_CONVERSION = YES;
				CLANG_WARN_DEPRECATED_OBJC_IMPLEMENTATIONS = YES;
				CLANG_WARN_DIRECT_OBJC_ISA_USAGE = YES_ERROR;
				CLANG_WARN_DOCUMENTATION_COMMENTS = YES;
				CLANG_WARN_EMPTY_BODY = YES;
				CLANG_WARN_ENUM_CONVERSION = YES;
				CLANG_WARN_INFINITE_RECURSION = YES;
				CLANG_WARN_INT_CONVERSION = YES;
				CLANG_WARN_NON_LITERAL_NULL_CONVERSION = YES;
				CLANG_WARN_OBJC_IMPLICIT_RETAIN_SELF = YES;
				CLANG_WARN_OBJC_LITERAL_CONVERSION = YES;
				CLANG_WARN_OBJC_ROOT_CLASS = YES_ERROR;
				CLANG_WARN_RANGE_LOOP_ANALYSIS = YES;
				CLANG_WARN_STRICT_PROTOTYPES = YES;
				CLANG_WARN_SUSPICIOUS_MOVE = YES;
				CLANG_WARN_UNGUARDED_AVAILABILITY = YES_AGGRESSIVE;
				CLANG_WARN_UNREACHABLE_CODE = YES;
				CLANG_WARN__DUPLICATE_METHOD_MATCH = YES;
				COPY_PHASE_STRIP = NO;
				DEBUG_INFORMATION_FORMAT = "dwarf-with-dsym";
				ENABLE_NS_ASSERTIONS = NO;
				ENABLE_STRICT_OBJC_MSGSEND = YES;
				GCC_C_LANGUAGE_STANDARD = gnu11;
				GCC_NO_COMMON_BLOCKS = YES;
				GCC_WARN_64_TO_32_BIT_CONVERSION = YES;
				GCC_WARN_ABOUT_RETURN_TYPE = YES_ERROR;
				GCC_WARN_UNDECLARED_SELECTOR = YES;
				GCC_WARN_UNINITIALIZED_AUTOS = YES_AGGRESSIVE;
				GCC_WARN_UNUSED_FUNCTION = YES;
				GCC_WARN_UNUSED_VARIABLE = YES;
				IPHONEOS_DEPLOYMENT_TARGET = 13.2;
				MTL_ENABLE_DEBUG_INFO = NO;
				MTL_FAST_MATH = YES;
				SDKROOT = iphoneos;
				SWIFT_COMPILATION_MODE = wholemodule;
				SWIFT_OPTIMIZATION_LEVEL = "-O";
				VALIDATE_PRODUCT = YES;
			};
			name = Release;
		};
		6AD151EA2403B47A00687EE8 /* Debug */ = {
			isa = XCBuildConfiguration;
			buildSettings = {
				ASSETCATALOG_COMPILER_APPICON_NAME = AppIcon;
				CODE_SIGN_STYLE = Automatic;
				DEVELOPMENT_ASSET_PATHS = "\"MODUNA/Preview Content\"";
				ENABLE_PREVIEWS = YES;
				INFOPLIST_FILE = MODUNA/Info.plist;
				LD_RUNPATH_SEARCH_PATHS = (
					"$(inherited)",
					"@executable_path/Frameworks",
				);
				PRODUCT_BUNDLE_IDENTIFIER = Massey.MODUNA;
				PRODUCT_NAME = "$(TARGET_NAME)";
				SWIFT_VERSION = 5.0;
				TARGETED_DEVICE_FAMILY = "1,2";
			};
			name = Debug;
		};
		6AD151EB2403B47A00687EE8 /* Release */ = {
			isa = XCBuildConfiguration;
			buildSettings = {
				ASSETCATALOG_COMPILER_APPICON_NAME = AppIcon;
				CODE_SIGN_STYLE = Automatic;
				DEVELOPMENT_ASSET_PATHS = "\"MODUNA/Preview Content\"";
				ENABLE_PREVIEWS = YES;
				INFOPLIST_FILE = MODUNA/Info.plist;
				LD_RUNPATH_SEARCH_PATHS = (
					"$(inherited)",
					"@executable_path/Frameworks",
				);
				PRODUCT_BUNDLE_IDENTIFIER = Massey.MODUNA;
				PRODUCT_NAME = "$(TARGET_NAME)";
				SWIFT_VERSION = 5.0;
				TARGETED_DEVICE_FAMILY = "1,2";
			};
			name = Release;
		};
		6AD151ED2403B47A00687EE8 /* Debug */ = {
			isa = XCBuildConfiguration;
			buildSettings = {
				ALWAYS_EMBED_SWIFT_STANDARD_LIBRARIES = YES;
				BUNDLE_LOADER = "$(TEST_HOST)";
				CODE_SIGN_STYLE = Automatic;
				INFOPLIST_FILE = MODUNATests/Info.plist;
				IPHONEOS_DEPLOYMENT_TARGET = 13.2;
				LD_RUNPATH_SEARCH_PATHS = (
					"$(inherited)",
					"@executable_path/Frameworks",
					"@loader_path/Frameworks",
				);
				PRODUCT_BUNDLE_IDENTIFIER = Massey.MODUNATests;
				PRODUCT_NAME = "$(TARGET_NAME)";
				SWIFT_VERSION = 5.0;
				TARGETED_DEVICE_FAMILY = "1,2";
				TEST_HOST = "$(BUILT_PRODUCTS_DIR)/MODUNA.app/MODUNA";
			};
			name = Debug;
		};
		6AD151EE2403B47A00687EE8 /* Release */ = {
			isa = XCBuildConfiguration;
			buildSettings = {
				ALWAYS_EMBED_SWIFT_STANDARD_LIBRARIES = YES;
				BUNDLE_LOADER = "$(TEST_HOST)";
				CODE_SIGN_STYLE = Automatic;
				INFOPLIST_FILE = MODUNATests/Info.plist;
				IPHONEOS_DEPLOYMENT_TARGET = 13.2;
				LD_RUNPATH_SEARCH_PATHS = (
					"$(inherited)",
					"@executable_path/Frameworks",
					"@loader_path/Frameworks",
				);
				PRODUCT_BUNDLE_IDENTIFIER = Massey.MODUNATests;
				PRODUCT_NAME = "$(TARGET_NAME)";
				SWIFT_VERSION = 5.0;
				TARGETED_DEVICE_FAMILY = "1,2";
				TEST_HOST = "$(BUILT_PRODUCTS_DIR)/MODUNA.app/MODUNA";
			};
			name = Release;
		};
		6AD151F02403B47A00687EE8 /* Debug */ = {
			isa = XCBuildConfiguration;
			buildSettings = {
				ALWAYS_EMBED_SWIFT_STANDARD_LIBRARIES = YES;
				CODE_SIGN_STYLE = Automatic;
				INFOPLIST_FILE = MODUNAUITests/Info.plist;
				LD_RUNPATH_SEARCH_PATHS = (
					"$(inherited)",
					"@executable_path/Frameworks",
					"@loader_path/Frameworks",
				);
				PRODUCT_BUNDLE_IDENTIFIER = Massey.MODUNAUITests;
				PRODUCT_NAME = "$(TARGET_NAME)";
				SWIFT_VERSION = 5.0;
				TARGETED_DEVICE_FAMILY = "1,2";
				TEST_TARGET_NAME = MODUNA;
			};
			name = Debug;
		};
		6AD151F12403B47A00687EE8 /* Release */ = {
			isa = XCBuildConfiguration;
			buildSettings = {
				ALWAYS_EMBED_SWIFT_STANDARD_LIBRARIES = YES;
				CODE_SIGN_STYLE = Automatic;
				INFOPLIST_FILE = MODUNAUITests/Info.plist;
				LD_RUNPATH_SEARCH_PATHS = (
					"$(inherited)",
					"@executable_path/Frameworks",
					"@loader_path/Frameworks",
				);
				PRODUCT_BUNDLE_IDENTIFIER = Massey.MODUNAUITests;
				PRODUCT_NAME = "$(TARGET_NAME)";
				SWIFT_VERSION = 5.0;
				TARGETED_DEVICE_FAMILY = "1,2";
				TEST_TARGET_NAME = MODUNA;
			};
			name = Release;
		};
/* End XCBuildConfiguration section */

/* Begin XCConfigurationList section */
		6AD151BA2403B47400687EE8 /* Build configuration list for PBXProject "MODUNA" */ = {
			isa = XCConfigurationList;
			buildConfigurations = (
				6AD151E72403B47A00687EE8 /* Debug */,
				6AD151E82403B47A00687EE8 /* Release */,
			);
			defaultConfigurationIsVisible = 0;
			defaultConfigurationName = Release;
		};
		6AD151E92403B47A00687EE8 /* Build configuration list for PBXNativeTarget "MODUNA" */ = {
			isa = XCConfigurationList;
			buildConfigurations = (
				6AD151EA2403B47A00687EE8 /* Debug */,
				6AD151EB2403B47A00687EE8 /* Release */,
			);
			defaultConfigurationIsVisible = 0;
			defaultConfigurationName = Release;
		};
		6AD151EC2403B47A00687EE8 /* Build configuration list for PBXNativeTarget "MODUNATests" */ = {
			isa = XCConfigurationList;
			buildConfigurations = (
				6AD151ED2403B47A00687EE8 /* Debug */,
				6AD151EE2403B47A00687EE8 /* Release */,
			);
			defaultConfigurationIsVisible = 0;
			defaultConfigurationName = Release;
		};
		6AD151EF2403B47A00687EE8 /* Build configuration list for PBXNativeTarget "MODUNAUITests" */ = {
			isa = XCConfigurationList;
			buildConfigurations = (
				6AD151F02403B47A00687EE8 /* Debug */,
				6AD151F12403B47A00687EE8 /* Release */,
			);
			defaultConfigurationIsVisible = 0;
			defaultConfigurationName = Release;
		};
/* End XCConfigurationList section */
	};
	rootObject = 6AD151B72403B47400687EE8 /* Project object */;
}
